// !$*UTF8*$!
{
	archiveVersion = 1;
	classes = {
	};
	objectVersion = 46;
	objects = {

/* Begin PBXBuildFile section */
		3F43DABE1E78E88C00AAD144 /* AppDelegate.swift in Sources */ = {isa = PBXBuildFile; fileRef = 3F43DABD1E78E88C00AAD144 /* AppDelegate.swift */; };
		3F43DAC31E78E88C00AAD144 /* Main.storyboard in Resources */ = {isa = PBXBuildFile; fileRef = 3F43DAC11E78E88C00AAD144 /* Main.storyboard */; };
		3F43DAC51E78E88C00AAD144 /* Assets.xcassets in Resources */ = {isa = PBXBuildFile; fileRef = 3F43DAC41E78E88C00AAD144 /* Assets.xcassets */; };
		3F43DAC81E78E88C00AAD144 /* LaunchScreen.storyboard in Resources */ = {isa = PBXBuildFile; fileRef = 3F43DAC61E78E88C00AAD144 /* LaunchScreen.storyboard */; };
		3F43DADE1E78E88D00AAD144 /* ChemiaSwiftUITests.swift in Sources */ = {isa = PBXBuildFile; fileRef = 3F43DADD1E78E88D00AAD144 /* ChemiaSwiftUITests.swift */; };
		3F43DAEF1E78F37F00AAD144 /* EditorViewController.swift in Sources */ = {isa = PBXBuildFile; fileRef = 3F43DAEE1E78F37F00AAD144 /* EditorViewController.swift */; };
		3F43DAF01E78F37F00AAD144 /* EditorViewController.swift in Sources */ = {isa = PBXBuildFile; fileRef = 3F43DAEE1E78F37F00AAD144 /* EditorViewController.swift */; };
		3F43DAF11E78F37F00AAD144 /* EditorViewController.swift in Sources */ = {isa = PBXBuildFile; fileRef = 3F43DAEE1E78F37F00AAD144 /* EditorViewController.swift */; };
		3F43DAF31E78F53A00AAD144 /* ValenceTableViewController.swift in Sources */ = {isa = PBXBuildFile; fileRef = 3F43DAF21E78F53A00AAD144 /* ValenceTableViewController.swift */; };
		3F43DAF41E78F53A00AAD144 /* ValenceTableViewController.swift in Sources */ = {isa = PBXBuildFile; fileRef = 3F43DAF21E78F53A00AAD144 /* ValenceTableViewController.swift */; };
		3F43DAF51E78F53A00AAD144 /* ValenceTableViewController.swift in Sources */ = {isa = PBXBuildFile; fileRef = 3F43DAF21E78F53A00AAD144 /* ValenceTableViewController.swift */; };
		3F43DAF71E78F58400AAD144 /* SkeletonTableViewController.swift in Sources */ = {isa = PBXBuildFile; fileRef = 3F43DAF61E78F58400AAD144 /* SkeletonTableViewController.swift */; };
		3F43DAF81E78F58400AAD144 /* SkeletonTableViewController.swift in Sources */ = {isa = PBXBuildFile; fileRef = 3F43DAF61E78F58400AAD144 /* SkeletonTableViewController.swift */; };
		3F43DAF91E78F58400AAD144 /* SkeletonTableViewController.swift in Sources */ = {isa = PBXBuildFile; fileRef = 3F43DAF61E78F58400AAD144 /* SkeletonTableViewController.swift */; };
		3F43DAFB1E78FAFC00AAD144 /* RulesViewManager.swift in Sources */ = {isa = PBXBuildFile; fileRef = 3F43DAFA1E78FAFC00AAD144 /* RulesViewManager.swift */; };
		3F43DAFC1E78FAFC00AAD144 /* RulesViewManager.swift in Sources */ = {isa = PBXBuildFile; fileRef = 3F43DAFA1E78FAFC00AAD144 /* RulesViewManager.swift */; };
		3F43DB0D1E79E33500AAD144 /* FormulaTests.swift in Sources */ = {isa = PBXBuildFile; fileRef = 3F43DB0B1E79E33500AAD144 /* FormulaTests.swift */; };
		3F43DB0F1E79E6FE00AAD144 /* ElementTests.swift in Sources */ = {isa = PBXBuildFile; fileRef = 3F43DB0E1E79E6FE00AAD144 /* ElementTests.swift */; };
		3F43DB131E79E8C600AAD144 /* ElementList.swift in Sources */ = {isa = PBXBuildFile; fileRef = 3F43DB121E79E8C600AAD144 /* ElementList.swift */; };
		3F43DB151E79EB3300AAD144 /* Element.swift in Sources */ = {isa = PBXBuildFile; fileRef = 3F43DB141E79EB3300AAD144 /* Element.swift */; };
		3F43DB171E7A11ED00AAD144 /* Formula.swift in Sources */ = {isa = PBXBuildFile; fileRef = 3F43DB161E7A11ED00AAD144 /* Formula.swift */; };
		3F43DB1D1E7A297B00AAD144 /* ValenceViewModelTests.swift in Sources */ = {isa = PBXBuildFile; fileRef = 3F43DB1C1E7A297B00AAD144 /* ValenceViewModelTests.swift */; };
		3F43DB1F1E7A2AF600AAD144 /* Answer.swift in Sources */ = {isa = PBXBuildFile; fileRef = 3F43DB1E1E7A2AF600AAD144 /* Answer.swift */; };
		3F43DB211E7A2B5400AAD144 /* ValenceRule.swift in Sources */ = {isa = PBXBuildFile; fileRef = 3F43DB201E7A2B5400AAD144 /* ValenceRule.swift */; };
		3F43DB231E7B5FEE00AAD144 /* FormulaFormatter.swift in Sources */ = {isa = PBXBuildFile; fileRef = 3F43DB221E7B5FEE00AAD144 /* FormulaFormatter.swift */; };
		3F43DB251E7B687E00AAD144 /* Answer.swift in Sources */ = {isa = PBXBuildFile; fileRef = 3F43DB1E1E7A2AF600AAD144 /* Answer.swift */; };
		3F43DB261E7B688200AAD144 /* ValenceRule.swift in Sources */ = {isa = PBXBuildFile; fileRef = 3F43DB201E7A2B5400AAD144 /* ValenceRule.swift */; };
		3F43DB271E7B688600AAD144 /* ElementList.swift in Sources */ = {isa = PBXBuildFile; fileRef = 3F43DB121E79E8C600AAD144 /* ElementList.swift */; };
		3F43DB281E7B688600AAD144 /* Element.swift in Sources */ = {isa = PBXBuildFile; fileRef = 3F43DB141E79EB3300AAD144 /* Element.swift */; };
		3F43DB291E7B688600AAD144 /* Formula.swift in Sources */ = {isa = PBXBuildFile; fileRef = 3F43DB161E7A11ED00AAD144 /* Formula.swift */; };
		3F43DB2A1E7B688600AAD144 /* FormulaFormatter.swift in Sources */ = {isa = PBXBuildFile; fileRef = 3F43DB221E7B5FEE00AAD144 /* FormulaFormatter.swift */; };
		3F43DB2C1E7B6FDA00AAD144 /* RulePopupViewController.swift in Sources */ = {isa = PBXBuildFile; fileRef = 3F43DB2B1E7B6FDA00AAD144 /* RulePopupViewController.swift */; };
		3F43DB2D1E7B7C0500AAD144 /* RulePopupViewController.swift in Sources */ = {isa = PBXBuildFile; fileRef = 3F43DB2B1E7B6FDA00AAD144 /* RulePopupViewController.swift */; };
/* End PBXBuildFile section */

/* Begin PBXContainerItemProxy section */
		3F43DACF1E78E88D00AAD144 /* PBXContainerItemProxy */ = {
			isa = PBXContainerItemProxy;
			containerPortal = 3F43DAB21E78E88C00AAD144 /* Project object */;
			proxyType = 1;
			remoteGlobalIDString = 3F43DAB91E78E88C00AAD144;
			remoteInfo = ChemiaSwift;
		};
		3F43DADA1E78E88D00AAD144 /* PBXContainerItemProxy */ = {
			isa = PBXContainerItemProxy;
			containerPortal = 3F43DAB21E78E88C00AAD144 /* Project object */;
			proxyType = 1;
			remoteGlobalIDString = 3F43DAB91E78E88C00AAD144;
			remoteInfo = ChemiaSwift;
		};
/* End PBXContainerItemProxy section */

/* Begin PBXFileReference section */
		3F43DABA1E78E88C00AAD144 /* ChemiaSwift.app */ = {isa = PBXFileReference; explicitFileType = wrapper.application; includeInIndex = 0; path = ChemiaSwift.app; sourceTree = BUILT_PRODUCTS_DIR; };
		3F43DABD1E78E88C00AAD144 /* AppDelegate.swift */ = {isa = PBXFileReference; lastKnownFileType = sourcecode.swift; path = AppDelegate.swift; sourceTree = "<group>"; };
		3F43DAC21E78E88C00AAD144 /* Base */ = {isa = PBXFileReference; lastKnownFileType = file.storyboard; name = Base; path = Base.lproj/Main.storyboard; sourceTree = "<group>"; };
		3F43DAC41E78E88C00AAD144 /* Assets.xcassets */ = {isa = PBXFileReference; lastKnownFileType = folder.assetcatalog; path = Assets.xcassets; sourceTree = "<group>"; };
		3F43DAC71E78E88C00AAD144 /* Base */ = {isa = PBXFileReference; lastKnownFileType = file.storyboard; name = Base; path = Base.lproj/LaunchScreen.storyboard; sourceTree = "<group>"; };
		3F43DAC91E78E88C00AAD144 /* Info.plist */ = {isa = PBXFileReference; lastKnownFileType = text.plist.xml; path = Info.plist; sourceTree = "<group>"; };
		3F43DACE1E78E88D00AAD144 /* ChemiaSwiftTests.xctest */ = {isa = PBXFileReference; explicitFileType = wrapper.cfbundle; includeInIndex = 0; path = ChemiaSwiftTests.xctest; sourceTree = BUILT_PRODUCTS_DIR; };
		3F43DAD41E78E88D00AAD144 /* Info.plist */ = {isa = PBXFileReference; lastKnownFileType = text.plist.xml; path = Info.plist; sourceTree = "<group>"; };
		3F43DAD91E78E88D00AAD144 /* ChemiaSwiftUITests.xctest */ = {isa = PBXFileReference; explicitFileType = wrapper.cfbundle; includeInIndex = 0; path = ChemiaSwiftUITests.xctest; sourceTree = BUILT_PRODUCTS_DIR; };
		3F43DADD1E78E88D00AAD144 /* ChemiaSwiftUITests.swift */ = {isa = PBXFileReference; lastKnownFileType = sourcecode.swift; path = ChemiaSwiftUITests.swift; sourceTree = "<group>"; };
		3F43DADF1E78E88D00AAD144 /* Info.plist */ = {isa = PBXFileReference; lastKnownFileType = text.plist.xml; path = Info.plist; sourceTree = "<group>"; };
		3F43DAEE1E78F37F00AAD144 /* EditorViewController.swift */ = {isa = PBXFileReference; fileEncoding = 4; lastKnownFileType = sourcecode.swift; path = EditorViewController.swift; sourceTree = "<group>"; };
		3F43DAF21E78F53A00AAD144 /* ValenceTableViewController.swift */ = {isa = PBXFileReference; fileEncoding = 4; lastKnownFileType = sourcecode.swift; path = ValenceTableViewController.swift; sourceTree = "<group>"; };
		3F43DAF61E78F58400AAD144 /* SkeletonTableViewController.swift */ = {isa = PBXFileReference; fileEncoding = 4; lastKnownFileType = sourcecode.swift; path = SkeletonTableViewController.swift; sourceTree = "<group>"; };
		3F43DAFA1E78FAFC00AAD144 /* RulesViewManager.swift */ = {isa = PBXFileReference; fileEncoding = 4; lastKnownFileType = sourcecode.swift; path = RulesViewManager.swift; sourceTree = "<group>"; };
		3F43DB0B1E79E33500AAD144 /* FormulaTests.swift */ = {isa = PBXFileReference; fileEncoding = 4; lastKnownFileType = sourcecode.swift; path = FormulaTests.swift; sourceTree = "<group>"; };
		3F43DB0E1E79E6FE00AAD144 /* ElementTests.swift */ = {isa = PBXFileReference; fileEncoding = 4; lastKnownFileType = sourcecode.swift; path = ElementTests.swift; sourceTree = "<group>"; };
		3F43DB121E79E8C600AAD144 /* ElementList.swift */ = {isa = PBXFileReference; fileEncoding = 4; lastKnownFileType = sourcecode.swift; path = ElementList.swift; sourceTree = "<group>"; };
		3F43DB141E79EB3300AAD144 /* Element.swift */ = {isa = PBXFileReference; fileEncoding = 4; lastKnownFileType = sourcecode.swift; path = Element.swift; sourceTree = "<group>"; };
		3F43DB161E7A11ED00AAD144 /* Formula.swift */ = {isa = PBXFileReference; fileEncoding = 4; lastKnownFileType = sourcecode.swift; path = Formula.swift; sourceTree = "<group>"; };
		3F43DB1C1E7A297B00AAD144 /* ValenceViewModelTests.swift */ = {isa = PBXFileReference; fileEncoding = 4; lastKnownFileType = sourcecode.swift; path = ValenceViewModelTests.swift; sourceTree = "<group>"; };
		3F43DB1E1E7A2AF600AAD144 /* Answer.swift */ = {isa = PBXFileReference; fileEncoding = 4; lastKnownFileType = sourcecode.swift; path = Answer.swift; sourceTree = "<group>"; };
		3F43DB201E7A2B5400AAD144 /* ValenceRule.swift */ = {isa = PBXFileReference; fileEncoding = 4; lastKnownFileType = sourcecode.swift; path = ValenceRule.swift; sourceTree = "<group>"; };
		3F43DB221E7B5FEE00AAD144 /* FormulaFormatter.swift */ = {isa = PBXFileReference; fileEncoding = 4; lastKnownFileType = sourcecode.swift; path = FormulaFormatter.swift; sourceTree = "<group>"; };
		3F43DB2B1E7B6FDA00AAD144 /* RulePopupViewController.swift */ = {isa = PBXFileReference; fileEncoding = 4; lastKnownFileType = sourcecode.swift; path = RulePopupViewController.swift; sourceTree = "<group>"; };
/* End PBXFileReference section */

/* Begin PBXFrameworksBuildPhase section */
		3F43DAB71E78E88C00AAD144 /* Frameworks */ = {
			isa = PBXFrameworksBuildPhase;
			buildActionMask = 2147483647;
			files = (
			);
			runOnlyForDeploymentPostprocessing = 0;
		};
		3F43DACB1E78E88D00AAD144 /* Frameworks */ = {
			isa = PBXFrameworksBuildPhase;
			buildActionMask = 2147483647;
			files = (
			);
			runOnlyForDeploymentPostprocessing = 0;
		};
		3F43DAD61E78E88D00AAD144 /* Frameworks */ = {
			isa = PBXFrameworksBuildPhase;
			buildActionMask = 2147483647;
			files = (
			);
			runOnlyForDeploymentPostprocessing = 0;
		};
/* End PBXFrameworksBuildPhase section */

/* Begin PBXGroup section */
		3F43DAB11E78E88C00AAD144 = {
			isa = PBXGroup;
			children = (
				3F43DABC1E78E88C00AAD144 /* ChemiaSwift */,
				3F43DAD11E78E88D00AAD144 /* ChemiaSwiftTests */,
				3F43DADC1E78E88D00AAD144 /* ChemiaSwiftUITests */,
				3F43DABB1E78E88C00AAD144 /* Products */,
			);
			sourceTree = "<group>";
		};
		3F43DABB1E78E88C00AAD144 /* Products */ = {
			isa = PBXGroup;
			children = (
				3F43DABA1E78E88C00AAD144 /* ChemiaSwift.app */,
				3F43DACE1E78E88D00AAD144 /* ChemiaSwiftTests.xctest */,
				3F43DAD91E78E88D00AAD144 /* ChemiaSwiftUITests.xctest */,
			);
			name = Products;
			sourceTree = "<group>";
		};
		3F43DABC1E78E88C00AAD144 /* ChemiaSwift */ = {
			isa = PBXGroup;
			children = (
				3F43DAEB1E78F23100AAD144 /* View */,
				3F43DAED1E78F24F00AAD144 /* ViewModel */,
				3F43DAEC1E78F23D00AAD144 /* Model */,
				3F43DABD1E78E88C00AAD144 /* AppDelegate.swift */,
				3F43DAC11E78E88C00AAD144 /* Main.storyboard */,
				3F43DAC41E78E88C00AAD144 /* Assets.xcassets */,
				3F43DAC61E78E88C00AAD144 /* LaunchScreen.storyboard */,
				3F43DAC91E78E88C00AAD144 /* Info.plist */,
			);
			path = ChemiaSwift;
			sourceTree = "<group>";
		};
		3F43DAD11E78E88D00AAD144 /* ChemiaSwiftTests */ = {
			isa = PBXGroup;
			children = (
				3F43DB1C1E7A297B00AAD144 /* ValenceViewModelTests.swift */,
				3F43DB0E1E79E6FE00AAD144 /* ElementTests.swift */,
				3F43DB0B1E79E33500AAD144 /* FormulaTests.swift */,
				3F43DAD41E78E88D00AAD144 /* Info.plist */,
			);
			path = ChemiaSwiftTests;
			sourceTree = "<group>";
		};
		3F43DADC1E78E88D00AAD144 /* ChemiaSwiftUITests */ = {
			isa = PBXGroup;
			children = (
				3F43DADD1E78E88D00AAD144 /* ChemiaSwiftUITests.swift */,
				3F43DADF1E78E88D00AAD144 /* Info.plist */,
			);
			path = ChemiaSwiftUITests;
			sourceTree = "<group>";
		};
		3F43DAEB1E78F23100AAD144 /* View */ = {
			isa = PBXGroup;
			children = (
				3F43DAEE1E78F37F00AAD144 /* EditorViewController.swift */,
				3F43DAF21E78F53A00AAD144 /* ValenceTableViewController.swift */,
				3F43DAF61E78F58400AAD144 /* SkeletonTableViewController.swift */,
				3F43DAFA1E78FAFC00AAD144 /* RulesViewManager.swift */,
				3F43DB2B1E7B6FDA00AAD144 /* RulePopupViewController.swift */,
			);
			name = View;
			sourceTree = "<group>";
		};
		3F43DAEC1E78F23D00AAD144 /* Model */ = {
			isa = PBXGroup;
			children = (
				3F43DB121E79E8C600AAD144 /* ElementList.swift */,
				3F43DB141E79EB3300AAD144 /* Element.swift */,
				3F43DB161E7A11ED00AAD144 /* Formula.swift */,
				3F43DB221E7B5FEE00AAD144 /* FormulaFormatter.swift */,
			);
			name = Model;
			sourceTree = "<group>";
		};
		3F43DAED1E78F24F00AAD144 /* ViewModel */ = {
			isa = PBXGroup;
			children = (
				3F43DB1E1E7A2AF600AAD144 /* Answer.swift */,
				3F43DB201E7A2B5400AAD144 /* ValenceRule.swift */,
			);
			name = ViewModel;
			sourceTree = "<group>";
		};
/* End PBXGroup section */

/* Begin PBXNativeTarget section */
		3F43DAB91E78E88C00AAD144 /* ChemiaSwift */ = {
			isa = PBXNativeTarget;
			buildConfigurationList = 3F43DAE21E78E88D00AAD144 /* Build configuration list for PBXNativeTarget "ChemiaSwift" */;
			buildPhases = (
				3F43DAB61E78E88C00AAD144 /* Sources */,
				3F43DAB71E78E88C00AAD144 /* Frameworks */,
				3F43DAB81E78E88C00AAD144 /* Resources */,
			);
			buildRules = (
			);
			dependencies = (
			);
			name = ChemiaSwift;
			productName = ChemiaSwift;
			productReference = 3F43DABA1E78E88C00AAD144 /* ChemiaSwift.app */;
			productType = "com.apple.product-type.application";
		};
		3F43DACD1E78E88D00AAD144 /* ChemiaSwiftTests */ = {
			isa = PBXNativeTarget;
			buildConfigurationList = 3F43DAE51E78E88D00AAD144 /* Build configuration list for PBXNativeTarget "ChemiaSwiftTests" */;
			buildPhases = (
				3F43DACA1E78E88D00AAD144 /* Sources */,
				3F43DACB1E78E88D00AAD144 /* Frameworks */,
				3F43DACC1E78E88D00AAD144 /* Resources */,
			);
			buildRules = (
			);
			dependencies = (
				3F43DAD01E78E88D00AAD144 /* PBXTargetDependency */,
			);
			name = ChemiaSwiftTests;
			productName = ChemiaSwiftTests;
			productReference = 3F43DACE1E78E88D00AAD144 /* ChemiaSwiftTests.xctest */;
			productType = "com.apple.product-type.bundle.unit-test";
		};
		3F43DAD81E78E88D00AAD144 /* ChemiaSwiftUITests */ = {
			isa = PBXNativeTarget;
			buildConfigurationList = 3F43DAE81E78E88D00AAD144 /* Build configuration list for PBXNativeTarget "ChemiaSwiftUITests" */;
			buildPhases = (
				3F43DAD51E78E88D00AAD144 /* Sources */,
				3F43DAD61E78E88D00AAD144 /* Frameworks */,
				3F43DAD71E78E88D00AAD144 /* Resources */,
			);
			buildRules = (
			);
			dependencies = (
				3F43DADB1E78E88D00AAD144 /* PBXTargetDependency */,
			);
			name = ChemiaSwiftUITests;
			productName = ChemiaSwiftUITests;
			productReference = 3F43DAD91E78E88D00AAD144 /* ChemiaSwiftUITests.xctest */;
			productType = "com.apple.product-type.bundle.ui-testing";
		};
/* End PBXNativeTarget section */

/* Begin PBXProject section */
		3F43DAB21E78E88C00AAD144 /* Project object */ = {
			isa = PBXProject;
			attributes = {
				LastSwiftUpdateCheck = 0820;
				LastUpgradeCheck = 0820;
				ORGANIZATIONNAME = edu.bsu;
				TargetAttributes = {
					3F43DAB91E78E88C00AAD144 = {
						CreatedOnToolsVersion = 8.2.1;
						ProvisioningStyle = Automatic;
					};
					3F43DACD1E78E88D00AAD144 = {
						CreatedOnToolsVersion = 8.2.1;
						ProvisioningStyle = Automatic;
						TestTargetID = 3F43DAB91E78E88C00AAD144;
					};
					3F43DAD81E78E88D00AAD144 = {
						CreatedOnToolsVersion = 8.2.1;
						ProvisioningStyle = Automatic;
						TestTargetID = 3F43DAB91E78E88C00AAD144;
					};
				};
			};
			buildConfigurationList = 3F43DAB51E78E88C00AAD144 /* Build configuration list for PBXProject "ChemiaSwift" */;
			compatibilityVersion = "Xcode 3.2";
			developmentRegion = English;
			hasScannedForEncodings = 0;
			knownRegions = (
				en,
				Base,
			);
			mainGroup = 3F43DAB11E78E88C00AAD144;
			productRefGroup = 3F43DABB1E78E88C00AAD144 /* Products */;
			projectDirPath = "";
			projectRoot = "";
			targets = (
				3F43DAB91E78E88C00AAD144 /* ChemiaSwift */,
				3F43DACD1E78E88D00AAD144 /* ChemiaSwiftTests */,
				3F43DAD81E78E88D00AAD144 /* ChemiaSwiftUITests */,
			);
		};
/* End PBXProject section */

/* Begin PBXResourcesBuildPhase section */
		3F43DAB81E78E88C00AAD144 /* Resources */ = {
			isa = PBXResourcesBuildPhase;
			buildActionMask = 2147483647;
			files = (
				3F43DAC81E78E88C00AAD144 /* LaunchScreen.storyboard in Resources */,
				3F43DAC51E78E88C00AAD144 /* Assets.xcassets in Resources */,
				3F43DAC31E78E88C00AAD144 /* Main.storyboard in Resources */,
			);
			runOnlyForDeploymentPostprocessing = 0;
		};
		3F43DACC1E78E88D00AAD144 /* Resources */ = {
			isa = PBXResourcesBuildPhase;
			buildActionMask = 2147483647;
			files = (
			);
			runOnlyForDeploymentPostprocessing = 0;
		};
		3F43DAD71E78E88D00AAD144 /* Resources */ = {
			isa = PBXResourcesBuildPhase;
			buildActionMask = 2147483647;
			files = (
			);
			runOnlyForDeploymentPostprocessing = 0;
		};
/* End PBXResourcesBuildPhase section */

/* Begin PBXSourcesBuildPhase section */
		3F43DAB61E78E88C00AAD144 /* Sources */ = {
			isa = PBXSourcesBuildPhase;
			buildActionMask = 2147483647;
			files = (
				3F43DB131E79E8C600AAD144 /* ElementList.swift in Sources */,
				3F43DAF71E78F58400AAD144 /* SkeletonTableViewController.swift in Sources */,
				3F43DABE1E78E88C00AAD144 /* AppDelegate.swift in Sources */,
				3F43DB231E7B5FEE00AAD144 /* FormulaFormatter.swift in Sources */,
				3F43DB1F1E7A2AF600AAD144 /* Answer.swift in Sources */,
				3F43DB2C1E7B6FDA00AAD144 /* RulePopupViewController.swift in Sources */,
				3F43DB211E7A2B5400AAD144 /* ValenceRule.swift in Sources */,
				3F43DAF31E78F53A00AAD144 /* ValenceTableViewController.swift in Sources */,
				3F43DAFB1E78FAFC00AAD144 /* RulesViewManager.swift in Sources */,
				3F43DB151E79EB3300AAD144 /* Element.swift in Sources */,
				3F43DB171E7A11ED00AAD144 /* Formula.swift in Sources */,
				3F43DAEF1E78F37F00AAD144 /* EditorViewController.swift in Sources */,
			);
			runOnlyForDeploymentPostprocessing = 0;
		};
		3F43DACA1E78E88D00AAD144 /* Sources */ = {
			isa = PBXSourcesBuildPhase;
			buildActionMask = 2147483647;
			files = (
				3F43DB0F1E79E6FE00AAD144 /* ElementTests.swift in Sources */,
				3F43DB1D1E7A297B00AAD144 /* ValenceViewModelTests.swift in Sources */,
				3F43DB281E7B688600AAD144 /* Element.swift in Sources */,
				3F43DB271E7B688600AAD144 /* ElementList.swift in Sources */,
				3F43DB261E7B688200AAD144 /* ValenceRule.swift in Sources */,
				3F43DB2D1E7B7C0500AAD144 /* RulePopupViewController.swift in Sources */,
				3F43DB2A1E7B688600AAD144 /* FormulaFormatter.swift in Sources */,
				3F43DAF81E78F58400AAD144 /* SkeletonTableViewController.swift in Sources */,
				3F43DB251E7B687E00AAD144 /* Answer.swift in Sources */,
				3F43DAF41E78F53A00AAD144 /* ValenceTableViewController.swift in Sources */,
				3F43DAFC1E78FAFC00AAD144 /* RulesViewManager.swift in Sources */,
				3F43DB0D1E79E33500AAD144 /* FormulaTests.swift in Sources */,
				3F43DAF01E78F37F00AAD144 /* EditorViewController.swift in Sources */,
				3F43DB291E7B688600AAD144 /* Formula.swift in Sources */,
			);
			runOnlyForDeploymentPostprocessing = 0;
		};
		3F43DAD51E78E88D00AAD144 /* Sources */ = {
			isa = PBXSourcesBuildPhase;
			buildActionMask = 2147483647;
			files = (
				3F43DAF91E78F58400AAD144 /* SkeletonTableViewController.swift in Sources */,
				3F43DADE1E78E88D00AAD144 /* ChemiaSwiftUITests.swift in Sources */,
				3F43DAF51E78F53A00AAD144 /* ValenceTableViewController.swift in Sources */,
				3F43DAF11E78F37F00AAD144 /* EditorViewController.swift in Sources */,
			);
			runOnlyForDeploymentPostprocessing = 0;
		};
/* End PBXSourcesBuildPhase section */

/* Begin PBXTargetDependency section */
		3F43DAD01E78E88D00AAD144 /* PBXTargetDependency */ = {
			isa = PBXTargetDependency;
			target = 3F43DAB91E78E88C00AAD144 /* ChemiaSwift */;
			targetProxy = 3F43DACF1E78E88D00AAD144 /* PBXContainerItemProxy */;
		};
		3F43DADB1E78E88D00AAD144 /* PBXTargetDependency */ = {
			isa = PBXTargetDependency;
			target = 3F43DAB91E78E88C00AAD144 /* ChemiaSwift */;
			targetProxy = 3F43DADA1E78E88D00AAD144 /* PBXContainerItemProxy */;
		};
/* End PBXTargetDependency section */

/* Begin PBXVariantGroup section */
		3F43DAC11E78E88C00AAD144 /* Main.storyboard */ = {
			isa = PBXVariantGroup;
			children = (
				3F43DAC21E78E88C00AAD144 /* Base */,
			);
			name = Main.storyboard;
			sourceTree = "<group>";
		};
		3F43DAC61E78E88C00AAD144 /* LaunchScreen.storyboard */ = {
			isa = PBXVariantGroup;
			children = (
				3F43DAC71E78E88C00AAD144 /* Base */,
			);
			name = LaunchScreen.storyboard;
			sourceTree = "<group>";
		};
/* End PBXVariantGroup section */

/* Begin XCBuildConfiguration section */
		3F43DAE01E78E88D00AAD144 /* Debug */ = {
			isa = XCBuildConfiguration;
			buildSettings = {
				ALWAYS_SEARCH_USER_PATHS = NO;
				CLANG_ANALYZER_NONNULL = YES;
				CLANG_CXX_LANGUAGE_STANDARD = "gnu++0x";
				CLANG_CXX_LIBRARY = "libc++";
				CLANG_ENABLE_MODULES = YES;
				CLANG_ENABLE_OBJC_ARC = YES;
				CLANG_WARN_BOOL_CONVERSION = YES;
				CLANG_WARN_CONSTANT_CONVERSION = YES;
				CLANG_WARN_DIRECT_OBJC_ISA_USAGE = YES_ERROR;
				CLANG_WARN_DOCUMENTATION_COMMENTS = YES;
				CLANG_WARN_EMPTY_BODY = YES;
				CLANG_WARN_ENUM_CONVERSION = YES;
				CLANG_WARN_INFINITE_RECURSION = YES;
				CLANG_WARN_INT_CONVERSION = YES;
				CLANG_WARN_OBJC_ROOT_CLASS = YES_ERROR;
				CLANG_WARN_SUSPICIOUS_MOVE = YES;
				CLANG_WARN_UNREACHABLE_CODE = YES;
				CLANG_WARN__DUPLICATE_METHOD_MATCH = YES;
				"CODE_SIGN_IDENTITY[sdk=iphoneos*]" = "iPhone Developer";
				COPY_PHASE_STRIP = NO;
				DEBUG_INFORMATION_FORMAT = dwarf;
				ENABLE_STRICT_OBJC_MSGSEND = YES;
				ENABLE_TESTABILITY = YES;
				GCC_C_LANGUAGE_STANDARD = gnu99;
				GCC_DYNAMIC_NO_PIC = NO;
				GCC_NO_COMMON_BLOCKS = YES;
				GCC_OPTIMIZATION_LEVEL = 0;
				GCC_PREPROCESSOR_DEFINITIONS = (
					"DEBUG=1",
					"$(inherited)",
				);
				GCC_WARN_64_TO_32_BIT_CONVERSION = YES;
				GCC_WARN_ABOUT_RETURN_TYPE = YES_ERROR;
				GCC_WARN_UNDECLARED_SELECTOR = YES;
				GCC_WARN_UNINITIALIZED_AUTOS = YES_AGGRESSIVE;
				GCC_WARN_UNUSED_FUNCTION = YES;
				GCC_WARN_UNUSED_VARIABLE = YES;
				IPHONEOS_DEPLOYMENT_TARGET = 10.2;
				MTL_ENABLE_DEBUG_INFO = YES;
				ONLY_ACTIVE_ARCH = YES;
				SDKROOT = iphoneos;
				SWIFT_ACTIVE_COMPILATION_CONDITIONS = DEBUG;
				SWIFT_OPTIMIZATION_LEVEL = "-Onone";
			};
			name = Debug;
		};
		3F43DAE11E78E88D00AAD144 /* Release */ = {
			isa = XCBuildConfiguration;
			buildSettings = {
				ALWAYS_SEARCH_USER_PATHS = NO;
				CLANG_ANALYZER_NONNULL = YES;
				CLANG_CXX_LANGUAGE_STANDARD = "gnu++0x";
				CLANG_CXX_LIBRARY = "libc++";
				CLANG_ENABLE_MODULES = YES;
				CLANG_ENABLE_OBJC_ARC = YES;
				CLANG_WARN_BOOL_CONVERSION = YES;
				CLANG_WARN_CONSTANT_CONVERSION = YES;
				CLANG_WARN_DIRECT_OBJC_ISA_USAGE = YES_ERROR;
				CLANG_WARN_DOCUMENTATION_COMMENTS = YES;
				CLANG_WARN_EMPTY_BODY = YES;
				CLANG_WARN_ENUM_CONVERSION = YES;
				CLANG_WARN_INFINITE_RECURSION = YES;
				CLANG_WARN_INT_CONVERSION = YES;
				CLANG_WARN_OBJC_ROOT_CLASS = YES_ERROR;
				CLANG_WARN_SUSPICIOUS_MOVE = YES;
				CLANG_WARN_UNREACHABLE_CODE = YES;
				CLANG_WARN__DUPLICATE_METHOD_MATCH = YES;
				"CODE_SIGN_IDENTITY[sdk=iphoneos*]" = "iPhone Developer";
				COPY_PHASE_STRIP = NO;
				DEBUG_INFORMATION_FORMAT = "dwarf-with-dsym";
				ENABLE_NS_ASSERTIONS = NO;
				ENABLE_STRICT_OBJC_MSGSEND = YES;
				GCC_C_LANGUAGE_STANDARD = gnu99;
				GCC_NO_COMMON_BLOCKS = YES;
				GCC_WARN_64_TO_32_BIT_CONVERSION = YES;
				GCC_WARN_ABOUT_RETURN_TYPE = YES_ERROR;
				GCC_WARN_UNDECLARED_SELECTOR = YES;
				GCC_WARN_UNINITIALIZED_AUTOS = YES_AGGRESSIVE;
				GCC_WARN_UNUSED_FUNCTION = YES;
				GCC_WARN_UNUSED_VARIABLE = YES;
				IPHONEOS_DEPLOYMENT_TARGET = 10.2;
				MTL_ENABLE_DEBUG_INFO = NO;
				SDKROOT = iphoneos;
				SWIFT_OPTIMIZATION_LEVEL = "-Owholemodule";
				VALIDATE_PRODUCT = YES;
			};
			name = Release;
		};
		3F43DAE31E78E88D00AAD144 /* Debug */ = {
			isa = XCBuildConfiguration;
			buildSettings = {
				ASSETCATALOG_COMPILER_APPICON_NAME = AppIcon;
				INFOPLIST_FILE = ChemiaSwift/Info.plist;
				LD_RUNPATH_SEARCH_PATHS = "$(inherited) @executable_path/Frameworks";
				PRODUCT_BUNDLE_IDENTIFIER = edu.bsu.capstone.ChemiaSwift;
				PRODUCT_NAME = "$(TARGET_NAME)";
				SWIFT_VERSION = 3.0;
			};
			name = Debug;
		};
		3F43DAE41E78E88D00AAD144 /* Release */ = {
			isa = XCBuildConfiguration;
			buildSettings = {
				ASSETCATALOG_COMPILER_APPICON_NAME = AppIcon;
				INFOPLIST_FILE = ChemiaSwift/Info.plist;
				LD_RUNPATH_SEARCH_PATHS = "$(inherited) @executable_path/Frameworks";
				PRODUCT_BUNDLE_IDENTIFIER = edu.bsu.capstone.ChemiaSwift;
				PRODUCT_NAME = "$(TARGET_NAME)";
				SWIFT_VERSION = 3.0;
			};
			name = Release;
		};
		3F43DAE61E78E88D00AAD144 /* Debug */ = {
			isa = XCBuildConfiguration;
			buildSettings = {
				ALWAYS_EMBED_SWIFT_STANDARD_LIBRARIES = YES;
				BUNDLE_LOADER = "$(TEST_HOST)";
				INFOPLIST_FILE = ChemiaSwiftTests/Info.plist;
				LD_RUNPATH_SEARCH_PATHS = "$(inherited) @executable_path/Frameworks @loader_path/Frameworks";
				PRODUCT_BUNDLE_IDENTIFIER = edu.bsu.capstone.ChemiaSwiftTests;
				PRODUCT_NAME = "$(TARGET_NAME)";
				SWIFT_VERSION = 3.0;
				TEST_HOST = "$(BUILT_PRODUCTS_DIR)/ChemiaSwift.app/ChemiaSwift";
			};
			name = Debug;
		};
		3F43DAE71E78E88D00AAD144 /* Release */ = {
			isa = XCBuildConfiguration;
			buildSettings = {
				ALWAYS_EMBED_SWIFT_STANDARD_LIBRARIES = YES;
				BUNDLE_LOADER = "$(TEST_HOST)";
				INFOPLIST_FILE = ChemiaSwiftTests/Info.plist;
				LD_RUNPATH_SEARCH_PATHS = "$(inherited) @executable_path/Frameworks @loader_path/Frameworks";
				PRODUCT_BUNDLE_IDENTIFIER = edu.bsu.capstone.ChemiaSwiftTests;
				PRODUCT_NAME = "$(TARGET_NAME)";
				SWIFT_VERSION = 3.0;
				TEST_HOST = "$(BUILT_PRODUCTS_DIR)/ChemiaSwift.app/ChemiaSwift";
			};
			name = Release;
		};
		3F43DAE91E78E88D00AAD144 /* Debug */ = {
			isa = XCBuildConfiguration;
			buildSettings = {
				ALWAYS_EMBED_SWIFT_STANDARD_LIBRARIES = YES;
				INFOPLIST_FILE = ChemiaSwiftUITests/Info.plist;
				LD_RUNPATH_SEARCH_PATHS = "$(inherited) @executable_path/Frameworks @loader_path/Frameworks";
				PRODUCT_BUNDLE_IDENTIFIER = edu.bsu.capstone.ChemiaSwiftUITests;
				PRODUCT_NAME = "$(TARGET_NAME)";
				SWIFT_VERSION = 3.0;
				TEST_TARGET_NAME = ChemiaSwift;
			};
			name = Debug;
		};
		3F43DAEA1E78E88D00AAD144 /* Release */ = {
			isa = XCBuildConfiguration;
			buildSettings = {
				ALWAYS_EMBED_SWIFT_STANDARD_LIBRARIES = YES;
				INFOPLIST_FILE = ChemiaSwiftUITests/Info.plist;
				LD_RUNPATH_SEARCH_PATHS = "$(inherited) @executable_path/Frameworks @loader_path/Frameworks";
				PRODUCT_BUNDLE_IDENTIFIER = edu.bsu.capstone.ChemiaSwiftUITests;
				PRODUCT_NAME = "$(TARGET_NAME)";
				SWIFT_VERSION = 3.0;
				TEST_TARGET_NAME = ChemiaSwift;
			};
			name = Release;
		};
/* End XCBuildConfiguration section */

/* Begin XCConfigurationList section */
		3F43DAB51E78E88C00AAD144 /* Build configuration list for PBXProject "ChemiaSwift" */ = {
			isa = XCConfigurationList;
			buildConfigurations = (
				3F43DAE01E78E88D00AAD144 /* Debug */,
				3F43DAE11E78E88D00AAD144 /* Release */,
			);
			defaultConfigurationIsVisible = 0;
			defaultConfigurationName = Release;
		};
		3F43DAE21E78E88D00AAD144 /* Build configuration list for PBXNativeTarget "ChemiaSwift" */ = {
			isa = XCConfigurationList;
			buildConfigurations = (
				3F43DAE31E78E88D00AAD144 /* Debug */,
				3F43DAE41E78E88D00AAD144 /* Release */,
			);
			defaultConfigurationIsVisible = 0;
			defaultConfigurationName = Release;
		};
		3F43DAE51E78E88D00AAD144 /* Build configuration list for PBXNativeTarget "ChemiaSwiftTests" */ = {
			isa = XCConfigurationList;
			buildConfigurations = (
				3F43DAE61E78E88D00AAD144 /* Debug */,
				3F43DAE71E78E88D00AAD144 /* Release */,
			);
			defaultConfigurationIsVisible = 0;
			defaultConfigurationName = Release;
		};
		3F43DAE81E78E88D00AAD144 /* Build configuration list for PBXNativeTarget "ChemiaSwiftUITests" */ = {
			isa = XCConfigurationList;
			buildConfigurations = (
				3F43DAE91E78E88D00AAD144 /* Debug */,
				3F43DAEA1E78E88D00AAD144 /* Release */,
			);
			defaultConfigurationIsVisible = 0;
			defaultConfigurationName = Release;
		};
/* End XCConfigurationList section */
	};
	rootObject = 3F43DAB21E78E88C00AAD144 /* Project object */;
}
